
Microsoft Visual Studio Solution File, Format Version 12.00
# Visual Studio 15
VisualStudioVersion = 15.0.27004.2006
MinimumVisualStudioVersion = 10.0.40219.1
Project("{FAE04EC0-301F-11D3-BF4B-00C04F79EFBC}") = "SendMailSample", "SendMailSample\SendMailSample.csproj", "{FEAA20B5-C3DA-4F8C-962B-136D2D7DBABC}"
EndProject
Global
	GlobalSection(SolutionConfigurationPlatforms) = preSolution
		Debug|Any CPU = Debug|Any CPU
		Release|Any CPU = Release|Any CPU
	EndGlobalSection
	GlobalSection(ProjectConfigurationPlatforms) = postSolution
		{FEAA20B5-C3DA-4F8C-962B-136D2D7DBABC}.Debug|Any CPU.ActiveCfg = Debug|Any CPU
		{FEAA20B5-C3DA-4F8C-962B-136D2D7DBABC}.Debug|Any CPU.Build.0 = Debug|Any CPU
		{FEAA20B5-C3DA-4F8C-962B-136D2D7DBABC}.Release|Any CPU.ActiveCfg = Release|Any CPU
		{FEAA20B5-C3DA-4F8C-962B-136D2D7DBABC}.Release|Any CPU.Build.0 = Release|Any CPU
	EndGlobalSection
	GlobalSection(SolutionProperties) = preSolution
		HideSolutionNode = FALSE
	EndGlobalSection
	GlobalSection(ExtensibilityGlobals) = postSolution
		SolutionGuid = {B0267519-19FE-458F-9B79-797994559E39}
	EndGlobalSection
	GlobalSection(CodealikeProperties) = postSolution
		SolutionGuid = 50aadb91-00d8-4ad0-8181-ce36e5ba6b3e
	EndGlobalSection
EndGlobal
